
Microsoft Visual Studio Solution File, Format Version 12.00
# Visual Studio Version 16
VisualStudioVersion = 16.0.29123.88
MinimumVisualStudioVersion = 10.0.40219.1
Project("{9A19103F-16F7-4668-BE54-9A1E7A4F7556}") = "CSharpInterpreter", "CSharpInterpreter\CSharpInterpreter.csproj", "{0681D6E4-DDFD-4320-AAD5-16C0AA35608D}"
EndProject
Project("{9A19103F-16F7-4668-BE54-9A1E7A4F7556}") = "CSharpInterpreterTests", "CSharpInterpreterTests\CSharpInterpreterTests.csproj", "{AC0B2F23-ECFA-4FDC-99F0-EE3ED90674FE}"
EndProject
Global
	GlobalSection(SolutionConfigurationPlatforms) = preSolution
		Debug|Any CPU = Debug|Any CPU
		Release|Any CPU = Release|Any CPU
	EndGlobalSection
	GlobalSection(ProjectConfigurationPlatforms) = postSolution
		{0681D6E4-DDFD-4320-AAD5-16C0AA35608D}.Debug|Any CPU.ActiveCfg = Debug|Any CPU
		{0681D6E4-DDFD-4320-AAD5-16C0AA35608D}.Debug|Any CPU.Build.0 = Debug|Any CPU
		{0681D6E4-DDFD-4320-AAD5-16C0AA35608D}.Release|Any CPU.ActiveCfg = Release|Any CPU
		{0681D6E4-DDFD-4320-AAD5-16C0AA35608D}.Release|Any CPU.Build.0 = Release|Any CPU
		{AC0B2F23-ECFA-4FDC-99F0-EE3ED90674FE}.Debug|Any CPU.ActiveCfg = Debug|Any CPU
		{AC0B2F23-ECFA-4FDC-99F0-EE3ED90674FE}.Debug|Any CPU.Build.0 = Debug|Any CPU
		{AC0B2F23-ECFA-4FDC-99F0-EE3ED90674FE}.Release|Any CPU.ActiveCfg = Release|Any CPU
		{AC0B2F23-ECFA-4FDC-99F0-EE3ED90674FE}.Release|Any CPU.Build.0 = Release|Any CPU
	EndGlobalSection
	GlobalSection(SolutionProperties) = preSolution
		HideSolutionNode = FALSE
	EndGlobalSection
	GlobalSection(ExtensibilityGlobals) = postSolution
		SolutionGuid = {3D9AA4EB-82A8-443D-B4BB-05C7B256D5A1}
	EndGlobalSection
EndGlobal
